
Microsoft Visual Studio Solution File, Format Version 12.00
# Visual Studio Version 17
VisualStudioVersion = 17.14.36401.2 d17.14
MinimumVisualStudioVersion = 10.0.40219.1
Project("{FAE04EC0-301F-11D3-BF4B-00C04F79EFBC}") = "eLibrary.Api", "eLibrary.Api.csproj", "{A833D073-98E0-4F78-91BA-B92B6FB8F504}"
EndProject
Global
	GlobalSection(SolutionConfigurationPlatforms) = preSolution
		Debug|Any CPU = Debug|Any CPU
		Release|Any CPU = Release|Any CPU
	EndGlobalSection
	GlobalSection(ProjectConfigurationPlatforms) = postSolution
		{A833D073-98E0-4F78-91BA-B92B6FB8F504}.Debug|Any CPU.ActiveCfg = Debug|Any CPU
		{A833D073-98E0-4F78-91BA-B92B6FB8F504}.Debug|Any CPU.Build.0 = Debug|Any CPU
		{A833D073-98E0-4F78-91BA-B92B6FB8F504}.Release|Any CPU.ActiveCfg = Release|Any CPU
		{A833D073-98E0-4F78-91BA-B92B6FB8F504}.Release|Any CPU.Build.0 = Release|Any CPU
	EndGlobalSection
	GlobalSection(SolutionProperties) = preSolution
		HideSolutionNode = FALSE
	EndGlobalSection
	GlobalSection(ExtensibilityGlobals) = postSolution
		SolutionGuid = {B49A0A95-F40D-4EF1-A854-C255E7637B0D}
	EndGlobalSection
EndGlobal
